Microsoft Visual Studio Solution File, Format Version 12.00
# Visual Studio 15
VisualStudioVersion = 15.0.28010.2003
MinimumVisualStudioVersion = 10.0.40219.1
Project("{FAE04EC0-301F-11D3-BF4B-00C04F79EFBC}") = "PhysicAltseed", "PhysicAltseed\PhysicAltseed.csproj", "{514FE6DC-0273-4750-9275-547D731DDF1F}"
EndProject
Project("{FAE04EC0-301F-11D3-BF4B-00C04F79EFBC}") = "Test", "Test\Test.csproj", "{BB30E893-1F9C-4500-B5BE-796F3EC908AA}"
EndProject
Global
	GlobalSection(SolutionConfigurationPlatforms) = preSolution
		Debug|Any CPU = Debug|Any CPU
		Debug|x86 = Debug|x86
		Release|Any CPU = Release|Any CPU
		Release|x86 = Release|x86
	EndGlobalSection
	GlobalSection(ProjectConfigurationPlatforms) = postSolution
		{514FE6DC-0273-4750-9275-547D731DDF1F}.Debug|Any CPU.ActiveCfg = Debug|Any CPU
		{514FE6DC-0273-4750-9275-547D731DDF1F}.Debug|Any CPU.Build.0 = Debug|Any CPU
		{514FE6DC-0273-4750-9275-547D731DDF1F}.Debug|x86.ActiveCfg = Debug|x86
		{514FE6DC-0273-4750-9275-547D731DDF1F}.Debug|x86.Build.0 = Debug|x86
		{514FE6DC-0273-4750-9275-547D731DDF1F}.Release|Any CPU.ActiveCfg = Release|Any CPU
		{514FE6DC-0273-4750-9275-547D731DDF1F}.Release|Any CPU.Build.0 = Release|Any CPU
		{514FE6DC-0273-4750-9275-547D731DDF1F}.Release|x86.ActiveCfg = Release|x86
		{514FE6DC-0273-4750-9275-547D731DDF1F}.Release|x86.Build.0 = Release|x86
		{BB30E893-1F9C-4500-B5BE-796F3EC908AA}.Debug|Any CPU.ActiveCfg = Debug|Any CPU
		{BB30E893-1F9C-4500-B5BE-796F3EC908AA}.Debug|Any CPU.Build.0 = Debug|Any CPU
		{BB30E893-1F9C-4500-B5BE-796F3EC908AA}.Debug|x86.ActiveCfg = Debug|x86
		{BB30E893-1F9C-4500-B5BE-796F3EC908AA}.Debug|x86.Build.0 = Debug|x86
		{BB30E893-1F9C-4500-B5BE-796F3EC908AA}.Release|Any CPU.ActiveCfg = Release|Any CPU
		{BB30E893-1F9C-4500-B5BE-796F3EC908AA}.Release|Any CPU.Build.0 = Release|Any CPU
		{BB30E893-1F9C-4500-B5BE-796F3EC908AA}.Release|x86.ActiveCfg = Release|x86
		{BB30E893-1F9C-4500-B5BE-796F3EC908AA}.Release|x86.Build.0 = Release|x86
	EndGlobalSection
	GlobalSection(SolutionProperties) = preSolution
		HideSolutionNode = FALSE
	EndGlobalSection
	GlobalSection(ExtensibilityGlobals) = postSolution
		SolutionGuid = {2A3A4FD1-2DE1-49A7-A98F-7E73B5F24D55}
	EndGlobalSection
EndGlobal
